// !$*UTF8*$!
{
	archiveVersion = 1;
	classes = {
	};
	objectVersion = 50;
	objects = {

/* Begin PBXBuildFile section */
		CFAC13CD24421D7000747AD7 /* AppDelegate.swift in Sources */ = {isa = PBXBuildFile; fileRef = CFAC13CC24421D7000747AD7 /* AppDelegate.swift */; };
		CFAC13CF24421D7000747AD7 /* SceneDelegate.swift in Sources */ = {isa = PBXBuildFile; fileRef = CFAC13CE24421D7000747AD7 /* SceneDelegate.swift */; };
		CFAC13D124421D7000747AD7 /* ViewController.swift in Sources */ = {isa = PBXBuildFile; fileRef = CFAC13D024421D7000747AD7 /* ViewController.swift */; };
		CFAC13D424421D7000747AD7 /* Main.storyboard in Resources */ = {isa = PBXBuildFile; fileRef = CFAC13D224421D7000747AD7 /* Main.storyboard */; };
		CFAC13D724421D7000747AD7 /* travelBook.xcdatamodeld in Sources */ = {isa = PBXBuildFile; fileRef = CFAC13D524421D7000747AD7 /* travelBook.xcdatamodeld */; };
		CFAC13D924421D7100747AD7 /* Assets.xcassets in Resources */ = {isa = PBXBuildFile; fileRef = CFAC13D824421D7100747AD7 /* Assets.xcassets */; };
		CFAC13DC24421D7100747AD7 /* LaunchScreen.storyboard in Resources */ = {isa = PBXBuildFile; fileRef = CFAC13DA24421D7100747AD7 /* LaunchScreen.storyboard */; };
		CFAC13E42442393800747AD7 /* ListViewController.swift in Sources */ = {isa = PBXBuildFile; fileRef = CFAC13E32442393800747AD7 /* ListViewController.swift */; };
/* End PBXBuildFile section */

/* Begin PBXFileReference section */
		CFAC13C924421D7000747AD7 /* travelBook.app */ = {isa = PBXFileReference; explicitFileType = wrapper.application; includeInIndex = 0; path = travelBook.app; sourceTree = BUILT_PRODUCTS_DIR; };
		CFAC13CC24421D7000747AD7 /* AppDelegate.swift */ = {isa = PBXFileReference; lastKnownFileType = sourcecode.swift; path = AppDelegate.swift; sourceTree = "<group>"; };
		CFAC13CE24421D7000747AD7 /* SceneDelegate.swift */ = {isa = PBXFileReference; lastKnownFileType = sourcecode.swift; path = SceneDelegate.swift; sourceTree = "<group>"; };
		CFAC13D024421D7000747AD7 /* ViewController.swift */ = {isa = PBXFileReference; lastKnownFileType = sourcecode.swift; path = ViewController.swift; sourceTree = "<group>"; };
		CFAC13D324421D7000747AD7 /* Base */ = {isa = PBXFileReference; lastKnownFileType = file.storyboard; name = Base; path = Base.lproj/Main.storyboard; sourceTree = "<group>"; };
		CFAC13D624421D7000747AD7 /* travelBook.xcdatamodel */ = {isa = PBXFileReference; lastKnownFileType = wrapper.xcdatamodel; path = travelBook.xcdatamodel; sourceTree = "<group>"; };
		CFAC13D824421D7100747AD7 /* Assets.xcassets */ = {isa = PBXFileReference; lastKnownFileType = folder.assetcatalog; path = Assets.xcassets; sourceTree = "<group>"; };
		CFAC13DB24421D7100747AD7 /* Base */ = {isa = PBXFileReference; lastKnownFileType = file.storyboard; name = Base; path = Base.lproj/LaunchScreen.storyboard; sourceTree = "<group>"; };
		CFAC13DD24421D7100747AD7 /* Info.plist */ = {isa = PBXFileReference; lastKnownFileType = text.plist.xml; path = Info.plist; sourceTree = "<group>"; };
		CFAC13E32442393800747AD7 /* ListViewController.swift */ = {isa = PBXFileReference; lastKnownFileType = sourcecode.swift; path = ListViewController.swift; sourceTree = "<group>"; };
/* End PBXFileReference section */

/* Begin PBXFrameworksBuildPhase section */
		CFAC13C624421D7000747AD7 /* Frameworks */ = {
			isa = PBXFrameworksBuildPhase;
			buildActionMask = 2147483647;
			files = (
			);
			runOnlyForDeploymentPostprocessing = 0;
		};
/* End PBXFrameworksBuildPhase section */

/* Begin PBXGroup section */
		CFAC13C024421D7000747AD7 = {
			isa = PBXGroup;
			children = (
				CFAC13CB24421D7000747AD7 /* travelBook */,
				CFAC13CA24421D7000747AD7 /* Products */,
			);
			sourceTree = "<group>";
		};
		CFAC13CA24421D7000747AD7 /* Products */ = {
			isa = PBXGroup;
			children = (
				CFAC13C924421D7000747AD7 /* travelBook.app */,
			);
			name = Products;
			sourceTree = "<group>";
		};
		CFAC13CB24421D7000747AD7 /* travelBook */ = {
			isa = PBXGroup;
			children = (
				CFAC13CC24421D7000747AD7 /* AppDelegate.swift */,
				CFAC13CE24421D7000747AD7 /* SceneDelegate.swift */,
				CFAC13E32442393800747AD7 /* ListViewController.swift */,
				CFAC13D024421D7000747AD7 /* ViewController.swift */,
				CFAC13D224421D7000747AD7 /* Main.storyboard */,
				CFAC13D824421D7100747AD7 /* Assets.xcassets */,
				CFAC13DA24421D7100747AD7 /* LaunchScreen.storyboard */,
				CFAC13DD24421D7100747AD7 /* Info.plist */,
				CFAC13D524421D7000747AD7 /* travelBook.xcdatamodeld */,
			);
			path = travelBook;
			sourceTree = "<group>";
		};
/* End PBXGroup section */

/* Begin PBXNativeTarget section */
		CFAC13C824421D7000747AD7 /* travelBook */ = {
			isa = PBXNativeTarget;
			buildConfigurationList = CFAC13E024421D7100747AD7 /* Build configuration list for PBXNativeTarget "travelBook" */;
			buildPhases = (
				CFAC13C524421D7000747AD7 /* Sources */,
				CFAC13C624421D7000747AD7 /* Frameworks */,
				CFAC13C724421D7000747AD7 /* Resources */,
			);
			buildRules = (
			);
			dependencies = (
			);
			name = travelBook;
			productName = travelBook;
			productReference = CFAC13C924421D7000747AD7 /* travelBook.app */;
			productType = "com.apple.product-type.application";
		};
/* End PBXNativeTarget section */

/* Begin PBXProject section */
		CFAC13C124421D7000747AD7 /* Project object */ = {
			isa = PBXProject;
			attributes = {
				LastSwiftUpdateCheck = 1140;
				LastUpgradeCheck = 1140;
				ORGANIZATIONNAME = Pozolx;
				TargetAttributes = {
					CFAC13C824421D7000747AD7 = {
						CreatedOnToolsVersion = 11.4;
					};
				};
			};
			buildConfigurationList = CFAC13C424421D7000747AD7 /* Build configuration list for PBXProject "travelBook" */;
			compatibilityVersion = "Xcode 9.3";
			developmentRegion = en;
			hasScannedForEncodings = 0;
			knownRegions = (
				en,
				Base,
			);
			mainGroup = CFAC13C024421D7000747AD7;
			productRefGroup = CFAC13CA24421D7000747AD7 /* Products */;
			projectDirPath = "";
			projectRoot = "";
			targets = (
				CFAC13C824421D7000747AD7 /* travelBook */,
			);
		};
/* End PBXProject section */

/* Begin PBXResourcesBuildPhase section */
		CFAC13C724421D7000747AD7 /* Resources */ = {
			isa = PBXResourcesBuildPhase;
			buildActionMask = 2147483647;
			files = (
				CFAC13DC24421D7100747AD7 /* LaunchScreen.storyboard in Resources */,
				CFAC13D924421D7100747AD7 /* Assets.xcassets in Resources */,
				CFAC13D424421D7000747AD7 /* Main.storyboard in Resources */,
			);
			runOnlyForDeploymentPostprocessing = 0;
		};
/* End PBXResourcesBuildPhase section */

/* Begin PBXSourcesBuildPhase section */
		CFAC13C524421D7000747AD7 /* Sources */ = {
			isa = PBXSourcesBuildPhase;
			buildActionMask = 2147483647;
			files = (
				CFAC13D724421D7000747AD7 /* travelBook.xcdatamodeld in Sources */,
				CFAC13D124421D7000747AD7 /* ViewController.swift in Sources */,
				CFAC13CD24421D7000747AD7 /* AppDelegate.swift in Sources */,
				CFAC13E42442393800747AD7 /* ListViewController.swift in Sources */,
				CFAC13CF24421D7000747AD7 /* SceneDelegate.swift in Sources */,
			);
			runOnlyForDeploymentPostprocessing = 0;
		};
/* End PBXSourcesBuildPhase section */

/* Begin PBXVariantGroup section */
		CFAC13D224421D7000747AD7 /* Main.storyboard */ = {
			isa = PBXVariantGroup;
			children = (
				CFAC13D324421D7000747AD7 /* Base */,
			);
			name = Main.storyboard;
			sourceTree = "<group>";
		};
		CFAC13DA24421D7100747AD7 /* LaunchScreen.storyboard */ = {
			isa = PBXVariantGroup;
			children = (
				CFAC13DB24421D7100747AD7 /* Base */,
			);
			name = LaunchScreen.storyboard;
			sourceTree = "<group>";
		};
/* End PBXVariantGroup section */

/* Begin XCBuildConfiguration section */
		CFAC13DE24421D7100747AD7 /* Debug */ = {
			isa = XCBuildConfiguration;
			buildSettings = {
				ALWAYS_SEARCH_USER_PATHS = NO;
				CLANG_ANALYZER_NONNULL = YES;
				CLANG_ANALYZER_NUMBER_OBJECT_CONVERSION = YES_AGGRESSIVE;
				CLANG_CXX_LANGUAGE_STANDARD = "gnu++14";
				CLANG_CXX_LIBRARY = "libc++";
				CLANG_ENABLE_MODULES = YES;
				CLANG_ENABLE_OBJC_ARC = YES;
				CLANG_ENABLE_OBJC_WEAK = YES;
				CLANG_WARN_BLOCK_CAPTURE_AUTORELEASING = YES;
				CLANG_WARN_BOOL_CONVERSION = YES;
				CLANG_WARN_COMMA = YES;
				CLANG_WARN_CONSTANT_CONVERSION = YES;
				CLANG_WARN_DEPRECATED_OBJC_IMPLEMENTATIONS = YES;
				CLANG_WARN_DIRECT_OBJC_ISA_USAGE = YES_ERROR;
				CLANG_WARN_DOCUMENTATION_COMMENTS = YES;
				CLANG_WARN_EMPTY_BODY = YES;
				CLANG_WARN_ENUM_CONVERSION = YES;
				CLANG_WARN_INFINITE_RECURSION = YES;
				CLANG_WARN_INT_CONVERSION = YES;
				CLANG_WARN_NON_LITERAL_NULL_CONVERSION = YES;
				CLANG_WARN_OBJC_IMPLICIT_RETAIN_SELF = YES;
				CLANG_WARN_OBJC_LITERAL_CONVERSION = YES;
				CLANG_WARN_OBJC_ROOT_CLASS = YES_ERROR;
				CLANG_WARN_RANGE_LOOP_ANALYSIS = YES;
				CLANG_WARN_STRICT_PROTOTYPES = YES;
				CLANG_WARN_SUSPICIOUS_MOVE = YES;
				CLANG_WARN_UNGUARDED_AVAILABILITY = YES_AGGRESSIVE;
				CLANG_WARN_UNREACHABLE_CODE = YES;
				CLANG_WARN__DUPLICATE_METHOD_MATCH = YES;
				COPY_PHASE_STRIP = NO;
				DEBUG_INFORMATION_FORMAT = dwarf;
				ENABLE_STRICT_OBJC_MSGSEND = YES;
				ENABLE_TESTABILITY = YES;
				GCC_C_LANGUAGE_STANDARD = gnu11;
				GCC_DYNAMIC_NO_PIC = NO;
				GCC_NO_COMMON_BLOCKS = YES;
				GCC_OPTIMIZATION_LEVEL = 0;
				GCC_PREPROCESSOR_DEFINITIONS = (
					"DEBUG=1",
					"$(inherited)",
				);
				GCC_WARN_64_TO_32_BIT_CONVERSION = YES;
				GCC_WARN_ABOUT_RETURN_TYPE = YES_ERROR;
				GCC_WARN_UNDECLARED_SELECTOR = YES;
				GCC_WARN_UNINITIALIZED_AUTOS = YES_AGGRESSIVE;
				GCC_WARN_UNUSED_FUNCTION = YES;
				GCC_WARN_UNUSED_VARIABLE = YES;
				IPHONEOS_DEPLOYMENT_TARGET = 13.4;
				MTL_ENABLE_DEBUG_INFO = INCLUDE_SOURCE;
				MTL_FAST_MATH = YES;
				ONLY_ACTIVE_ARCH = YES;
				SDKROOT = iphoneos;
				SWIFT_ACTIVE_COMPILATION_CONDITIONS = DEBUG;
				SWIFT_OPTIMIZATION_LEVEL = "-Onone";
			};
			name = Debug;
		};
		CFAC13DF24421D7100747AD7 /* Release */ = {
			isa = XCBuildConfiguration;
			buildSettings = {
				ALWAYS_SEARCH_USER_PATHS = NO;
				CLANG_ANALYZER_NONNULL = YES;
				CLANG_ANALYZER_NUMBER_OBJECT_CONVERSION = YES_AGGRESSIVE;
				CLANG_CXX_LANGUAGE_STANDARD = "gnu++14";
				CLANG_CXX_LIBRARY = "libc++";
				CLANG_ENABLE_MODULES = YES;
				CLANG_ENABLE_OBJC_ARC = YES;
				CLANG_ENABLE_OBJC_WEAK = YES;
				CLANG_WARN_BLOCK_CAPTURE_AUTORELEASING = YES;
				CLANG_WARN_BOOL_CONVERSION = YES;
				CLANG_WARN_COMMA = YES;
				CLANG_WARN_CONSTANT_CONVERSION = YES;
				CLANG_WARN_DEPRECATED_OBJC_IMPLEMENTATIONS = YES;
				CLANG_WARN_DIRECT_OBJC_ISA_USAGE = YES_ERROR;
				CLANG_WARN_DOCUMENTATION_COMMENTS = YES;
				CLANG_WARN_EMPTY_BODY = YES;
				CLANG_WARN_ENUM_CONVERSION = YES;
				CLANG_WARN_INFINITE_RECURSION = YES;
				CLANG_WARN_INT_CONVERSION = YES;
				CLANG_WARN_NON_LITERAL_NULL_CONVERSION = YES;
				CLANG_WARN_OBJC_IMPLICIT_RETAIN_SELF = YES;
				CLANG_WARN_OBJC_LITERAL_CONVERSION = YES;
				CLANG_WARN_OBJC_ROOT_CLASS = YES_ERROR;
				CLANG_WARN_RANGE_LOOP_ANALYSIS = YES;
				CLANG_WARN_STRICT_PROTOTYPES = YES;
				CLANG_WARN_SUSPICIOUS_MOVE = YES;
				CLANG_WARN_UNGUARDED_AVAILABILITY = YES_AGGRESSIVE;
				CLANG_WARN_UNREACHABLE_CODE = YES;
				CLANG_WARN__DUPLICATE_METHOD_MATCH = YES;
				COPY_PHASE_STRIP = NO;
				DEBUG_INFORMATION_FORMAT = "dwarf-with-dsym";
				ENABLE_NS_ASSERTIONS = NO;
				ENABLE_STRICT_OBJC_MSGSEND = YES;
				GCC_C_LANGUAGE_STANDARD = gnu11;
				GCC_NO_COMMON_BLOCKS = YES;
				GCC_WARN_64_TO_32_BIT_CONVERSION = YES;
				GCC_WARN_ABOUT_RETURN_TYPE = YES_ERROR;
				GCC_WARN_UNDECLARED_SELECTOR = YES;
				GCC_WARN_UNINITIALIZED_AUTOS = YES_AGGRESSIVE;
				GCC_WARN_UNUSED_FUNCTION = YES;
				GCC_WARN_UNUSED_VARIABLE = YES;
				IPHONEOS_DEPLOYMENT_TARGET = 13.4;
				MTL_ENABLE_DEBUG_INFO = NO;
				MTL_FAST_MATH = YES;
				SDKROOT = iphoneos;
				SWIFT_COMPILATION_MODE = wholemodule;
				SWIFT_OPTIMIZATION_LEVEL = "-O";
				VALIDATE_PRODUCT = YES;
			};
			name = Release;
		};
		CFAC13E124421D7100747AD7 /* Debug */ = {
			isa = XCBuildConfiguration;
			buildSettings = {
				ASSETCATALOG_COMPILER_APPICON_NAME = AppIcon;
				CODE_SIGN_STYLE = Automatic;
				DEVELOPMENT_TEAM = TNSM43P2F3;
				INFOPLIST_FILE = travelBook/Info.plist;
				LD_RUNPATH_SEARCH_PATHS = (
					"$(inherited)",
					"@executable_path/Frameworks",
				);
				PRODUCT_BUNDLE_IDENTIFIER = com.javiercueto.travelBook;
				PRODUCT_NAME = "$(TARGET_NAME)";
				SWIFT_VERSION = 5.0;
				TARGETED_DEVICE_FAMILY = "1,2";
			};
			name = Debug;
		};
		CFAC13E224421D7100747AD7 /* Release */ = {
			isa = XCBuildConfiguration;
			buildSettings = {
				ASSETCATALOG_COMPILER_APPICON_NAME = AppIcon;
				CODE_SIGN_STYLE = Automatic;
				DEVELOPMENT_TEAM = TNSM43P2F3;
				INFOPLIST_FILE = travelBook/Info.plist;
				LD_RUNPATH_SEARCH_PATHS = (
					"$(inherited)",
					"@executable_path/Frameworks",
				);
				PRODUCT_BUNDLE_IDENTIFIER = com.javiercueto.travelBook;
				PRODUCT_NAME = "$(TARGET_NAME)";
				SWIFT_VERSION = 5.0;
				TARGETED_DEVICE_FAMILY = "1,2";
			};
			name = Release;
		};
/* End XCBuildConfiguration section */

/* Begin XCConfigurationList section */
		CFAC13C424421D7000747AD7 /* Build configuration list for PBXProject "travelBook" */ = {
			isa = XCConfigurationList;
			buildConfigurations = (
				CFAC13DE24421D7100747AD7 /* Debug */,
				CFAC13DF24421D7100747AD7 /* Release */,
			);
			defaultConfigurationIsVisible = 0;
			defaultConfigurationName = Release;
		};
		CFAC13E024421D7100747AD7 /* Build configuration list for PBXNativeTarget "travelBook" */ = {
			isa = XCConfigurationList;
			buildConfigurations = (
				CFAC13E124421D7100747AD7 /* Debug */,
				CFAC13E224421D7100747AD7 /* Release */,
			);
			defaultConfigurationIsVisible = 0;
			defaultConfigurationName = Release;
		};
/* End XCConfigurationList section */

/* Begin XCVersionGroup section */
		CFAC13D524421D7000747AD7 /* travelBook.xcdatamodeld */ = {
			isa = XCVersionGroup;
			children = (
				CFAC13D624421D7000747AD7 /* travelBook.xcdatamodel */,
			);
			currentVersion = CFAC13D624421D7000747AD7 /* travelBook.xcdatamodel */;
			path = travelBook.xcdatamodeld;
			sourceTree = "<group>";
			versionGroupType = wrapper.xcdatamodel;
		};
/* End XCVersionGroup section */
	};
	rootObject = CFAC13C124421D7000747AD7 /* Project object */;
}
